{
  "name": "npm-proj-1660533532534-0.7092137762836084sYL4WI",
  "lockfileVersion": 2,
  "requires": true,
  "packages": {
    "": {
      "dependencies": {
        "@actions/core": "^1.9.1",
        "axios": "^0.25.0",
        "child_process": "^1.0.2"
      },
      "devDependencies": {
        "@types/node": "^16.11.11",
        "typescript": "^4.5.2"
      }
    },
    "node_modules/@actions/core": {
      "version": "1.9.1",
      "resolved": "https://registry.npmjs.org/@actions/core/-/core-1.9.1.tgz",
      "integrity": "sha512-5ad+U2YGrmmiw6du20AQW5XuWo7UKN2052FjSV7MX+Wfjf8sCqcsZe62NfgHys4QI4/Y+vQvLKYL8jWtA1ZBTA==",
      "dependencies": {
        "@actions/http-client": "^2.0.1",
        "uuid": "^8.3.2"
      }
    },
    "node_modules/@actions/http-client": {
      "version": "2.0.1",
      "resolved": "https://registry.npmjs.org/@actions/http-client/-/http-client-2.0.1.tgz",
      "integrity": "sha512-PIXiMVtz6VvyaRsGY268qvj57hXQEpsYogYOu2nrQhlf+XCGmZstmuZBbAybUl1nQGnvS1k1eEsQ69ZoD7xlSw==",
      "dependencies": {
        "tunnel": "^0.0.6"
      }
    },
    "node_modules/@types/node": {
      "version": "16.11.11",
      "resolved": "https://registry.npmjs.org/@types/node/-/node-16.11.11.tgz",
      "integrity": "sha512-KB0sixD67CeecHC33MYn+eYARkqTheIRNuu97y2XMjR7Wu3XibO1vaY6VBV6O/a89SPI81cEUIYT87UqUWlZNw==",
      "dev": true
    },
    "node_modules/axios": {
      "version": "0.25.0",
      "resolved": "https://registry.npmjs.org/axios/-/axios-0.25.0.tgz",
      "integrity": "sha512-cD8FOb0tRH3uuEe6+evtAbgJtfxr7ly3fQjYcMcuPlgkwVS9xboaVIpcDV+cYQe+yGykgwZCs1pzjntcGa6l5g==",
      "dependencies": {
        "follow-redirects": "^1.14.7"
      }
    },
    "node_modules/child_process": {
      "version": "1.0.2",
      "resolved": "https://registry.npmjs.org/child_process/-/child_process-1.0.2.tgz",
      "integrity": "sha1-sffn/HPSXn/R1FWtyU4UODAYK1o="
    },
    "node_modules/follow-redirects": {
      "version": "1.14.8",
      "resolved": "https://registry.npmjs.org/follow-redirects/-/follow-redirects-1.14.8.tgz",
      "integrity": "sha512-1x0S9UVJHsQprFcEC/qnNzBLcIxsjAV905f/UkQxbclCsoTWlacCNOpQa/anodLl2uaEKFhfWOvM2Qg77+15zA==",
      "funding": [
        {
          "type": "individual",
          "url": "https://github.com/sponsors/RubenVerborgh"
        }
      ],
      "engines": {
        "node": ">=4.0"
      },
      "peerDependenciesMeta": {
        "debug": {
          "optional": true
        }
      }
    },
    "node_modules/tunnel": {
      "version": "0.0.6",
      "resolved": "https://registry.npmjs.org/tunnel/-/tunnel-0.0.6.tgz",
      "integrity": "sha512-1h/Lnq9yajKY2PEbBadPXj3VxsDDu844OnaAo52UVmIzIvwwtBPIuNvkjuzBlTWpfJyUbG3ez0KSBibQkj4ojg==",
      "engines": {
        "node": ">=0.6.11 <=0.7.0 || >=0.7.3"
      }
    },
    "node_modules/typescript": {
      "version": "4.5.2",
      "resolved": "https://registry.npmjs.org/typescript/-/typescript-4.5.2.tgz",
      "integrity": "sha512-5BlMof9H1yGt0P8/WF+wPNw6GfctgGjXp5hkblpyT+8rkASSmkUKMXrxR0Xg8ThVCi/JnHQiKXeBaEwCeQwMFw==",
      "dev": true,
      "bin": {
        "tsc": "bin/tsc",
        "tsserver": "bin/tsserver"
      },
      "engines": {
        "node": ">=4.2.0"
      }
    },
    "node_modules/uuid": {
      "version": "8.3.2",
      "resolved": "https://registry.npmjs.org/uuid/-/uuid-8.3.2.tgz",
      "integrity": "sha512-+NYs2QeMWy+GWFOEm9xnn6HCDp0l7QBD7ml8zLUmJ+93Q5NF0NocErnwkTkXVFNiX3/fpC6afS8Dhb/gz7R7eg==",
      "bin": {
        "uuid": "dist/bin/uuid"
      }
    }
  },
  "dependencies": {
    "@actions/core": {
      "version": "1.9.1",
      "resolved": "https://registry.npmjs.org/@actions/core/-/core-1.9.1.tgz",
      "integrity": "sha512-5ad+U2YGrmmiw6du20AQW5XuWo7UKN2052FjSV7MX+Wfjf8sCqcsZe62NfgHys4QI4/Y+vQvLKYL8jWtA1ZBTA==",
      "requires": {
        "@actions/http-client": "^2.0.1",
        "uuid": "^8.3.2"
      }
    },
    "@actions/http-client": {
      "version": "2.0.1",
      "resolved": "https://registry.npmjs.org/@actions/http-client/-/http-client-2.0.1.tgz",
      "integrity": "sha512-PIXiMVtz6VvyaRsGY268qvj57hXQEpsYogYOu2nrQhlf+XCGmZstmuZBbAybUl1nQGnvS1k1eEsQ69ZoD7xlSw==",
      "requires": {
        "tunnel": "^0.0.6"
      }
    },
    "@types/node": {
      "version": "16.11.11",
      "resolved": "https://registry.npmjs.org/@types/node/-/node-16.11.11.tgz",
      "integrity": "sha512-KB0sixD67CeecHC33MYn+eYARkqTheIRNuu97y2XMjR7Wu3XibO1vaY6VBV6O/a89SPI81cEUIYT87UqUWlZNw==",
      "dev": true
    },
    "axios": {
      "version": "0.25.0",
      "resolved": "https://registry.npmjs.org/axios/-/axios-0.25.0.tgz",
      "integrity": "sha512-cD8FOb0tRH3uuEe6+evtAbgJtfxr7ly3fQjYcMcuPlgkwVS9xboaVIpcDV+cYQe+yGykgwZCs1pzjntcGa6l5g==",
      "requires": {
        "follow-redirects": "^1.14.7"
      }
    },
    "child_process": {
      "version": "1.0.2",
      "resolved": "https://registry.npmjs.org/child_process/-/child_process-1.0.2.tgz",
      "integrity": "sha1-sffn/HPSXn/R1FWtyU4UODAYK1o="
    },
    "follow-redirects": {
      "version": "1.14.8",
      "resolved": "https://registry.npmjs.org/follow-redirects/-/follow-redirects-1.14.8.tgz",
      "integrity": "sha512-1x0S9UVJHsQprFcEC/qnNzBLcIxsjAV905f/UkQxbclCsoTWlacCNOpQa/anodLl2uaEKFhfWOvM2Qg77+15zA=="
    },
    "tunnel": {
      "version": "0.0.6",
      "resolved": "https://registry.npmjs.org/tunnel/-/tunnel-0.0.6.tgz",
      "integrity": "sha512-1h/Lnq9yajKY2PEbBadPXj3VxsDDu844OnaAo52UVmIzIvwwtBPIuNvkjuzBlTWpfJyUbG3ez0KSBibQkj4ojg=="
    },
    "typescript": {
      "version": "4.5.2",
      "resolved": "https://registry.npmjs.org/typescript/-/typescript-4.5.2.tgz",
      "integrity": "sha512-5BlMof9H1yGt0P8/WF+wPNw6GfctgGjXp5hkblpyT+8rkASSmkUKMXrxR0Xg8ThVCi/JnHQiKXeBaEwCeQwMFw==",
      "dev": true
    },
    "uuid": {
      "version": "8.3.2",
      "resolved": "https://registry.npmjs.org/uuid/-/uuid-8.3.2.tgz",
      "integrity": "sha512-+NYs2QeMWy+GWFOEm9xnn6HCDp0l7QBD7ml8zLUmJ+93Q5NF0NocErnwkTkXVFNiX3/fpC6afS8Dhb/gz7R7eg=="
    }
  }
}
